
Microsoft Visual Studio Solution File, Format Version 12.00
# Visual Studio 14
VisualStudioVersion = 14.0.23107.0
MinimumVisualStudioVersion = 10.0.40219.1
Project("{FAE04EC0-301F-11D3-BF4B-00C04F79EFBC}") = "ResourceLib", "ResourceLib\ResourceLib.csproj", "{079DD0E0-63F3-48DB-8861-E1646062CD8C}"
EndProject
Project("{FAE04EC0-301F-11D3-BF4B-00C04F79EFBC}") = "ResourceBugRepro.WP81", "ResourceBugRepro.WP81\ResourceBugRepro.WP81.csproj", "{CFB15465-D192-4DA2-B352-1FD8DAE12384}"
EndProject
Global
	GlobalSection(SolutionConfigurationPlatforms) = preSolution
		Debug|Any CPU = Debug|Any CPU
		Debug|ARM = Debug|ARM
		Debug|x86 = Debug|x86
		Release|Any CPU = Release|Any CPU
		Release|ARM = Release|ARM
		Release|x86 = Release|x86
	EndGlobalSection
	GlobalSection(ProjectConfigurationPlatforms) = postSolution
		{079DD0E0-63F3-48DB-8861-E1646062CD8C}.Debug|Any CPU.ActiveCfg = Debug|Any CPU
		{079DD0E0-63F3-48DB-8861-E1646062CD8C}.Debug|Any CPU.Build.0 = Debug|Any CPU
		{079DD0E0-63F3-48DB-8861-E1646062CD8C}.Debug|ARM.ActiveCfg = Debug|Any CPU
		{079DD0E0-63F3-48DB-8861-E1646062CD8C}.Debug|ARM.Build.0 = Debug|Any CPU
		{079DD0E0-63F3-48DB-8861-E1646062CD8C}.Debug|x86.ActiveCfg = Debug|Any CPU
		{079DD0E0-63F3-48DB-8861-E1646062CD8C}.Debug|x86.Build.0 = Debug|Any CPU
		{079DD0E0-63F3-48DB-8861-E1646062CD8C}.Release|Any CPU.ActiveCfg = Release|Any CPU
		{079DD0E0-63F3-48DB-8861-E1646062CD8C}.Release|Any CPU.Build.0 = Release|Any CPU
		{079DD0E0-63F3-48DB-8861-E1646062CD8C}.Release|ARM.ActiveCfg = Release|Any CPU
		{079DD0E0-63F3-48DB-8861-E1646062CD8C}.Release|ARM.Build.0 = Release|Any CPU
		{079DD0E0-63F3-48DB-8861-E1646062CD8C}.Release|x86.ActiveCfg = Release|Any CPU
		{079DD0E0-63F3-48DB-8861-E1646062CD8C}.Release|x86.Build.0 = Release|Any CPU
		{CFB15465-D192-4DA2-B352-1FD8DAE12384}.Debug|Any CPU.ActiveCfg = Debug|Any CPU
		{CFB15465-D192-4DA2-B352-1FD8DAE12384}.Debug|Any CPU.Build.0 = Debug|Any CPU
		{CFB15465-D192-4DA2-B352-1FD8DAE12384}.Debug|Any CPU.Deploy.0 = Debug|Any CPU
		{CFB15465-D192-4DA2-B352-1FD8DAE12384}.Debug|ARM.ActiveCfg = Debug|ARM
		{CFB15465-D192-4DA2-B352-1FD8DAE12384}.Debug|ARM.Build.0 = Debug|ARM
		{CFB15465-D192-4DA2-B352-1FD8DAE12384}.Debug|ARM.Deploy.0 = Debug|ARM
		{CFB15465-D192-4DA2-B352-1FD8DAE12384}.Debug|x86.ActiveCfg = Debug|x86
		{CFB15465-D192-4DA2-B352-1FD8DAE12384}.Debug|x86.Build.0 = Debug|x86
		{CFB15465-D192-4DA2-B352-1FD8DAE12384}.Debug|x86.Deploy.0 = Debug|x86
		{CFB15465-D192-4DA2-B352-1FD8DAE12384}.Release|Any CPU.ActiveCfg = Release|Any CPU
		{CFB15465-D192-4DA2-B352-1FD8DAE12384}.Release|Any CPU.Build.0 = Release|Any CPU
		{CFB15465-D192-4DA2-B352-1FD8DAE12384}.Release|Any CPU.Deploy.0 = Release|Any CPU
		{CFB15465-D192-4DA2-B352-1FD8DAE12384}.Release|ARM.ActiveCfg = Release|ARM
		{CFB15465-D192-4DA2-B352-1FD8DAE12384}.Release|ARM.Build.0 = Release|ARM
		{CFB15465-D192-4DA2-B352-1FD8DAE12384}.Release|ARM.Deploy.0 = Release|ARM
		{CFB15465-D192-4DA2-B352-1FD8DAE12384}.Release|x86.ActiveCfg = Release|x86
		{CFB15465-D192-4DA2-B352-1FD8DAE12384}.Release|x86.Build.0 = Release|x86
		{CFB15465-D192-4DA2-B352-1FD8DAE12384}.Release|x86.Deploy.0 = Release|x86
	EndGlobalSection
	GlobalSection(SolutionProperties) = preSolution
		HideSolutionNode = FALSE
	EndGlobalSection
EndGlobal
